// !$*UTF8*$!
{
	archiveVersion = 1;
	classes = {
	};
	objectVersion = 46;
	objects = {

/* Begin PBXBuildFile section */
		CF6D22F019CA4D7600F836C9 /* Foundation.framework in Frameworks */ = {isa = PBXBuildFile; fileRef = CF6D22EF19CA4D7600F836C9 /* Foundation.framework */; };
		CF6D22F219CA4D7600F836C9 /* CoreGraphics.framework in Frameworks */ = {isa = PBXBuildFile; fileRef = CF6D22F119CA4D7600F836C9 /* CoreGraphics.framework */; };
		CF6D22F419CA4D7600F836C9 /* UIKit.framework in Frameworks */ = {isa = PBXBuildFile; fileRef = CF6D22F319CA4D7600F836C9 /* UIKit.framework */; };
		CF6D22FA19CA4D7600F836C9 /* InfoPlist.strings in Resources */ = {isa = PBXBuildFile; fileRef = CF6D22F819CA4D7600F836C9 /* InfoPlist.strings */; };
		CF6D22FC19CA4D7600F836C9 /* main.m in Sources */ = {isa = PBXBuildFile; fileRef = CF6D22FB19CA4D7600F836C9 /* main.m */; };
		CF6D230019CA4D7600F836C9 /* AppDelegate.m in Sources */ = {isa = PBXBuildFile; fileRef = CF6D22FF19CA4D7600F836C9 /* AppDelegate.m */; };
		CF6D230319CA4D7600F836C9 /* Main.storyboard in Resources */ = {isa = PBXBuildFile; fileRef = CF6D230119CA4D7600F836C9 /* Main.storyboard */; };
		CF6D230619CA4D7600F836C9 /* ViewController.m in Sources */ = {isa = PBXBuildFile; fileRef = CF6D230519CA4D7600F836C9 /* ViewController.m */; };
		CF6D230819CA4D7600F836C9 /* Images.xcassets in Resources */ = {isa = PBXBuildFile; fileRef = CF6D230719CA4D7600F836C9 /* Images.xcassets */; };
		CF6D230F19CA4D7600F836C9 /* XCTest.framework in Frameworks */ = {isa = PBXBuildFile; fileRef = CF6D230E19CA4D7600F836C9 /* XCTest.framework */; };
		CF6D231019CA4D7600F836C9 /* Foundation.framework in Frameworks */ = {isa = PBXBuildFile; fileRef = CF6D22EF19CA4D7600F836C9 /* Foundation.framework */; };
		CF6D231119CA4D7600F836C9 /* UIKit.framework in Frameworks */ = {isa = PBXBuildFile; fileRef = CF6D22F319CA4D7600F836C9 /* UIKit.framework */; };
		CF6D231919CA4D7600F836C9 /* InfoPlist.strings in Resources */ = {isa = PBXBuildFile; fileRef = CF6D231719CA4D7600F836C9 /* InfoPlist.strings */; };
		CF6D231B19CA4D7600F836C9 /* Verificar_EdadTests.m in Sources */ = {isa = PBXBuildFile; fileRef = CF6D231A19CA4D7600F836C9 /* Verificar_EdadTests.m */; };
		CF6D232619CA4E8100F836C9 /* Person.m in Sources */ = {isa = PBXBuildFile; fileRef = CF6D232519CA4E8100F836C9 /* Person.m */; };
/* End PBXBuildFile section */

/* Begin PBXContainerItemProxy section */
		CF6D231219CA4D7600F836C9 /* PBXContainerItemProxy */ = {
			isa = PBXContainerItemProxy;
			containerPortal = CF6D22E419CA4D7600F836C9 /* Project object */;
			proxyType = 1;
			remoteGlobalIDString = CF6D22EB19CA4D7600F836C9;
			remoteInfo = "Verificar Edad";
		};
/* End PBXContainerItemProxy section */

/* Begin PBXFileReference section */
		CF6D22EC19CA4D7600F836C9 /* Verificar Edad.app */ = {isa = PBXFileReference; explicitFileType = wrapper.application; includeInIndex = 0; path = "Verificar Edad.app"; sourceTree = BUILT_PRODUCTS_DIR; };
		CF6D22EF19CA4D7600F836C9 /* Foundation.framework */ = {isa = PBXFileReference; lastKnownFileType = wrapper.framework; name = Foundation.framework; path = System/Library/Frameworks/Foundation.framework; sourceTree = SDKROOT; };
		CF6D22F119CA4D7600F836C9 /* CoreGraphics.framework */ = {isa = PBXFileReference; lastKnownFileType = wrapper.framework; name = CoreGraphics.framework; path = System/Library/Frameworks/CoreGraphics.framework; sourceTree = SDKROOT; };
		CF6D22F319CA4D7600F836C9 /* UIKit.framework */ = {isa = PBXFileReference; lastKnownFileType = wrapper.framework; name = UIKit.framework; path = System/Library/Frameworks/UIKit.framework; sourceTree = SDKROOT; };
		CF6D22F719CA4D7600F836C9 /* Verificar Edad-Info.plist */ = {isa = PBXFileReference; lastKnownFileType = text.plist.xml; path = "Verificar Edad-Info.plist"; sourceTree = "<group>"; };
		CF6D22F919CA4D7600F836C9 /* en */ = {isa = PBXFileReference; lastKnownFileType = text.plist.strings; name = en; path = en.lproj/InfoPlist.strings; sourceTree = "<group>"; };
		CF6D22FB19CA4D7600F836C9 /* main.m */ = {isa = PBXFileReference; lastKnownFileType = sourcecode.c.objc; path = main.m; sourceTree = "<group>"; };
		CF6D22FD19CA4D7600F836C9 /* Verificar Edad-Prefix.pch */ = {isa = PBXFileReference; lastKnownFileType = sourcecode.c.h; path = "Verificar Edad-Prefix.pch"; sourceTree = "<group>"; };
		CF6D22FE19CA4D7600F836C9 /* AppDelegate.h */ = {isa = PBXFileReference; lastKnownFileType = sourcecode.c.h; path = AppDelegate.h; sourceTree = "<group>"; };
		CF6D22FF19CA4D7600F836C9 /* AppDelegate.m */ = {isa = PBXFileReference; lastKnownFileType = sourcecode.c.objc; path = AppDelegate.m; sourceTree = "<group>"; };
		CF6D230219CA4D7600F836C9 /* Base */ = {isa = PBXFileReference; lastKnownFileType = file.storyboard; name = Base; path = Base.lproj/Main.storyboard; sourceTree = "<group>"; };
		CF6D230419CA4D7600F836C9 /* ViewController.h */ = {isa = PBXFileReference; lastKnownFileType = sourcecode.c.h; path = ViewController.h; sourceTree = "<group>"; };
		CF6D230519CA4D7600F836C9 /* ViewController.m */ = {isa = PBXFileReference; lastKnownFileType = sourcecode.c.objc; path = ViewController.m; sourceTree = "<group>"; };
		CF6D230719CA4D7600F836C9 /* Images.xcassets */ = {isa = PBXFileReference; lastKnownFileType = folder.assetcatalog; path = Images.xcassets; sourceTree = "<group>"; };
		CF6D230D19CA4D7600F836C9 /* Verificar EdadTests.xctest */ = {isa = PBXFileReference; explicitFileType = wrapper.cfbundle; includeInIndex = 0; path = "Verificar EdadTests.xctest"; sourceTree = BUILT_PRODUCTS_DIR; };
		CF6D230E19CA4D7600F836C9 /* XCTest.framework */ = {isa = PBXFileReference; lastKnownFileType = wrapper.framework; name = XCTest.framework; path = Library/Frameworks/XCTest.framework; sourceTree = DEVELOPER_DIR; };
		CF6D231619CA4D7600F836C9 /* Verificar EdadTests-Info.plist */ = {isa = PBXFileReference; lastKnownFileType = text.plist.xml; path = "Verificar EdadTests-Info.plist"; sourceTree = "<group>"; };
		CF6D231819CA4D7600F836C9 /* en */ = {isa = PBXFileReference; lastKnownFileType = text.plist.strings; name = en; path = en.lproj/InfoPlist.strings; sourceTree = "<group>"; };
		CF6D231A19CA4D7600F836C9 /* Verificar_EdadTests.m */ = {isa = PBXFileReference; lastKnownFileType = sourcecode.c.objc; path = Verificar_EdadTests.m; sourceTree = "<group>"; };
		CF6D232419CA4E8100F836C9 /* Person.h */ = {isa = PBXFileReference; fileEncoding = 4; lastKnownFileType = sourcecode.c.h; path = Person.h; sourceTree = "<group>"; };
		CF6D232519CA4E8100F836C9 /* Person.m */ = {isa = PBXFileReference; fileEncoding = 4; lastKnownFileType = sourcecode.c.objc; path = Person.m; sourceTree = "<group>"; };
/* End PBXFileReference section */

/* Begin PBXFrameworksBuildPhase section */
		CF6D22E919CA4D7600F836C9 /* Frameworks */ = {
			isa = PBXFrameworksBuildPhase;
			buildActionMask = 2147483647;
			files = (
				CF6D22F219CA4D7600F836C9 /* CoreGraphics.framework in Frameworks */,
				CF6D22F419CA4D7600F836C9 /* UIKit.framework in Frameworks */,
				CF6D22F019CA4D7600F836C9 /* Foundation.framework in Frameworks */,
			);
			runOnlyForDeploymentPostprocessing = 0;
		};
		CF6D230A19CA4D7600F836C9 /* Frameworks */ = {
			isa = PBXFrameworksBuildPhase;
			buildActionMask = 2147483647;
			files = (
				CF6D230F19CA4D7600F836C9 /* XCTest.framework in Frameworks */,
				CF6D231119CA4D7600F836C9 /* UIKit.framework in Frameworks */,
				CF6D231019CA4D7600F836C9 /* Foundation.framework in Frameworks */,
			);
			runOnlyForDeploymentPostprocessing = 0;
		};
/* End PBXFrameworksBuildPhase section */

/* Begin PBXGroup section */
		CF6D22E319CA4D7600F836C9 = {
			isa = PBXGroup;
			children = (
				CF6D232419CA4E8100F836C9 /* Person.h */,
				CF6D232519CA4E8100F836C9 /* Person.m */,
				CF6D22F519CA4D7600F836C9 /* Verificar Edad */,
				CF6D231419CA4D7600F836C9 /* Verificar EdadTests */,
				CF6D22EE19CA4D7600F836C9 /* Frameworks */,
				CF6D22ED19CA4D7600F836C9 /* Products */,
			);
			sourceTree = "<group>";
		};
		CF6D22ED19CA4D7600F836C9 /* Products */ = {
			isa = PBXGroup;
			children = (
				CF6D22EC19CA4D7600F836C9 /* Verificar Edad.app */,
				CF6D230D19CA4D7600F836C9 /* Verificar EdadTests.xctest */,
			);
			name = Products;
			sourceTree = "<group>";
		};
		CF6D22EE19CA4D7600F836C9 /* Frameworks */ = {
			isa = PBXGroup;
			children = (
				CF6D22EF19CA4D7600F836C9 /* Foundation.framework */,
				CF6D22F119CA4D7600F836C9 /* CoreGraphics.framework */,
				CF6D22F319CA4D7600F836C9 /* UIKit.framework */,
				CF6D230E19CA4D7600F836C9 /* XCTest.framework */,
			);
			name = Frameworks;
			sourceTree = "<group>";
		};
		CF6D22F519CA4D7600F836C9 /* Verificar Edad */ = {
			isa = PBXGroup;
			children = (
				CF6D22FE19CA4D7600F836C9 /* AppDelegate.h */,
				CF6D22FF19CA4D7600F836C9 /* AppDelegate.m */,
				CF6D230119CA4D7600F836C9 /* Main.storyboard */,
				CF6D230419CA4D7600F836C9 /* ViewController.h */,
				CF6D230519CA4D7600F836C9 /* ViewController.m */,
				CF6D230719CA4D7600F836C9 /* Images.xcassets */,
				CF6D22F619CA4D7600F836C9 /* Supporting Files */,
			);
			path = "Verificar Edad";
			sourceTree = "<group>";
		};
		CF6D22F619CA4D7600F836C9 /* Supporting Files */ = {
			isa = PBXGroup;
			children = (
				CF6D22F719CA4D7600F836C9 /* Verificar Edad-Info.plist */,
				CF6D22F819CA4D7600F836C9 /* InfoPlist.strings */,
				CF6D22FB19CA4D7600F836C9 /* main.m */,
				CF6D22FD19CA4D7600F836C9 /* Verificar Edad-Prefix.pch */,
			);
			name = "Supporting Files";
			sourceTree = "<group>";
		};
		CF6D231419CA4D7600F836C9 /* Verificar EdadTests */ = {
			isa = PBXGroup;
			children = (
				CF6D231A19CA4D7600F836C9 /* Verificar_EdadTests.m */,
				CF6D231519CA4D7600F836C9 /* Supporting Files */,
			);
			path = "Verificar EdadTests";
			sourceTree = "<group>";
		};
		CF6D231519CA4D7600F836C9 /* Supporting Files */ = {
			isa = PBXGroup;
			children = (
				CF6D231619CA4D7600F836C9 /* Verificar EdadTests-Info.plist */,
				CF6D231719CA4D7600F836C9 /* InfoPlist.strings */,
			);
			name = "Supporting Files";
			sourceTree = "<group>";
		};
/* End PBXGroup section */

/* Begin PBXNativeTarget section */
		CF6D22EB19CA4D7600F836C9 /* Verificar Edad */ = {
			isa = PBXNativeTarget;
			buildConfigurationList = CF6D231E19CA4D7600F836C9 /* Build configuration list for PBXNativeTarget "Verificar Edad" */;
			buildPhases = (
				CF6D22E819CA4D7600F836C9 /* Sources */,
				CF6D22E919CA4D7600F836C9 /* Frameworks */,
				CF6D22EA19CA4D7600F836C9 /* Resources */,
			);
			buildRules = (
			);
			dependencies = (
			);
			name = "Verificar Edad";
			productName = "Verificar Edad";
			productReference = CF6D22EC19CA4D7600F836C9 /* Verificar Edad.app */;
			productType = "com.apple.product-type.application";
		};
		CF6D230C19CA4D7600F836C9 /* Verificar EdadTests */ = {
			isa = PBXNativeTarget;
			buildConfigurationList = CF6D232119CA4D7600F836C9 /* Build configuration list for PBXNativeTarget "Verificar EdadTests" */;
			buildPhases = (
				CF6D230919CA4D7600F836C9 /* Sources */,
				CF6D230A19CA4D7600F836C9 /* Frameworks */,
				CF6D230B19CA4D7600F836C9 /* Resources */,
			);
			buildRules = (
			);
			dependencies = (
				CF6D231319CA4D7600F836C9 /* PBXTargetDependency */,
			);
			name = "Verificar EdadTests";
			productName = "Verificar EdadTests";
			productReference = CF6D230D19CA4D7600F836C9 /* Verificar EdadTests.xctest */;
			productType = "com.apple.product-type.bundle.unit-test";
		};
/* End PBXNativeTarget section */

/* Begin PBXProject section */
		CF6D22E419CA4D7600F836C9 /* Project object */ = {
			isa = PBXProject;
			attributes = {
				LastUpgradeCheck = 0510;
				ORGANIZATIONNAME = "Jhon Wilfer Orrego";
				TargetAttributes = {
					CF6D230C19CA4D7600F836C9 = {
						TestTargetID = CF6D22EB19CA4D7600F836C9;
					};
				};
			};
			buildConfigurationList = CF6D22E719CA4D7600F836C9 /* Build configuration list for PBXProject "Verificar Edad" */;
			compatibilityVersion = "Xcode 3.2";
			developmentRegion = English;
			hasScannedForEncodings = 0;
			knownRegions = (
				en,
				Base,
			);
			mainGroup = CF6D22E319CA4D7600F836C9;
			productRefGroup = CF6D22ED19CA4D7600F836C9 /* Products */;
			projectDirPath = "";
			projectRoot = "";
			targets = (
				CF6D22EB19CA4D7600F836C9 /* Verificar Edad */,
				CF6D230C19CA4D7600F836C9 /* Verificar EdadTests */,
			);
		};
/* End PBXProject section */

/* Begin PBXResourcesBuildPhase section */
		CF6D22EA19CA4D7600F836C9 /* Resources */ = {
			isa = PBXResourcesBuildPhase;
			buildActionMask = 2147483647;
			files = (
				CF6D230819CA4D7600F836C9 /* Images.xcassets in Resources */,
				CF6D22FA19CA4D7600F836C9 /* InfoPlist.strings in Resources */,
				CF6D230319CA4D7600F836C9 /* Main.storyboard in Resources */,
			);
			runOnlyForDeploymentPostprocessing = 0;
		};
		CF6D230B19CA4D7600F836C9 /* Resources */ = {
			isa = PBXResourcesBuildPhase;
			buildActionMask = 2147483647;
			files = (
				CF6D231919CA4D7600F836C9 /* InfoPlist.strings in Resources */,
			);
			runOnlyForDeploymentPostprocessing = 0;
		};
/* End PBXResourcesBuildPhase section */

/* Begin PBXSourcesBuildPhase section */
		CF6D22E819CA4D7600F836C9 /* Sources */ = {
			isa = PBXSourcesBuildPhase;
			buildActionMask = 2147483647;
			files = (
				CF6D230619CA4D7600F836C9 /* ViewController.m in Sources */,
				CF6D230019CA4D7600F836C9 /* AppDelegate.m in Sources */,
				CF6D232619CA4E8100F836C9 /* Person.m in Sources */,
				CF6D22FC19CA4D7600F836C9 /* main.m in Sources */,
			);
			runOnlyForDeploymentPostprocessing = 0;
		};
		CF6D230919CA4D7600F836C9 /* Sources */ = {
			isa = PBXSourcesBuildPhase;
			buildActionMask = 2147483647;
			files = (
				CF6D231B19CA4D7600F836C9 /* Verificar_EdadTests.m in Sources */,
			);
			runOnlyForDeploymentPostprocessing = 0;
		};
/* End PBXSourcesBuildPhase section */

/* Begin PBXTargetDependency section */
		CF6D231319CA4D7600F836C9 /* PBXTargetDependency */ = {
			isa = PBXTargetDependency;
			target = CF6D22EB19CA4D7600F836C9 /* Verificar Edad */;
			targetProxy = CF6D231219CA4D7600F836C9 /* PBXContainerItemProxy */;
		};
/* End PBXTargetDependency section */

/* Begin PBXVariantGroup section */
		CF6D22F819CA4D7600F836C9 /* InfoPlist.strings */ = {
			isa = PBXVariantGroup;
			children = (
				CF6D22F919CA4D7600F836C9 /* en */,
			);
			name = InfoPlist.strings;
			sourceTree = "<group>";
		};
		CF6D230119CA4D7600F836C9 /* Main.storyboard */ = {
			isa = PBXVariantGroup;
			children = (
				CF6D230219CA4D7600F836C9 /* Base */,
			);
			name = Main.storyboard;
			sourceTree = "<group>";
		};
		CF6D231719CA4D7600F836C9 /* InfoPlist.strings */ = {
			isa = PBXVariantGroup;
			children = (
				CF6D231819CA4D7600F836C9 /* en */,
			);
			name = InfoPlist.strings;
			sourceTree = "<group>";
		};
/* End PBXVariantGroup section */

/* Begin XCBuildConfiguration section */
		CF6D231C19CA4D7600F836C9 /* Debug */ = {
			isa = XCBuildConfiguration;
			buildSettings = {
				ALWAYS_SEARCH_USER_PATHS = NO;
				CLANG_CXX_LANGUAGE_STANDARD = "gnu++0x";
				CLANG_CXX_LIBRARY = "libc++";
				CLANG_ENABLE_MODULES = YES;
				CLANG_ENABLE_OBJC_ARC = YES;
				CLANG_WARN_BOOL_CONVERSION = YES;
				CLANG_WARN_CONSTANT_CONVERSION = YES;
				CLANG_WARN_DIRECT_OBJC_ISA_USAGE = YES_ERROR;
				CLANG_WARN_EMPTY_BODY = YES;
				CLANG_WARN_ENUM_CONVERSION = YES;
				CLANG_WARN_INT_CONVERSION = YES;
				CLANG_WARN_OBJC_ROOT_CLASS = YES_ERROR;
				CLANG_WARN__DUPLICATE_METHOD_MATCH = YES;
				"CODE_SIGN_IDENTITY[sdk=iphoneos*]" = "iPhone Developer";
				COPY_PHASE_STRIP = NO;
				GCC_C_LANGUAGE_STANDARD = gnu99;
				GCC_DYNAMIC_NO_PIC = NO;
				GCC_OPTIMIZATION_LEVEL = 0;
				GCC_PREPROCESSOR_DEFINITIONS = (
					"DEBUG=1",
					"$(inherited)",
				);
				GCC_SYMBOLS_PRIVATE_EXTERN = NO;
				GCC_WARN_64_TO_32_BIT_CONVERSION = YES;
				GCC_WARN_ABOUT_RETURN_TYPE = YES_ERROR;
				GCC_WARN_UNDECLARED_SELECTOR = YES;
				GCC_WARN_UNINITIALIZED_AUTOS = YES_AGGRESSIVE;
				GCC_WARN_UNUSED_FUNCTION = YES;
				GCC_WARN_UNUSED_VARIABLE = YES;
				IPHONEOS_DEPLOYMENT_TARGET = 7.1;
				ONLY_ACTIVE_ARCH = YES;
				SDKROOT = iphoneos;
			};
			name = Debug;
		};
		CF6D231D19CA4D7600F836C9 /* Release */ = {
			isa = XCBuildConfiguration;
			buildSettings = {
				ALWAYS_SEARCH_USER_PATHS = NO;
				CLANG_CXX_LANGUAGE_STANDARD = "gnu++0x";
				CLANG_CXX_LIBRARY = "libc++";
				CLANG_ENABLE_MODULES = YES;
				CLANG_ENABLE_OBJC_ARC = YES;
				CLANG_WARN_BOOL_CONVERSION = YES;
				CLANG_WARN_CONSTANT_CONVERSION = YES;
				CLANG_WARN_DIRECT_OBJC_ISA_USAGE = YES_ERROR;
				CLANG_WARN_EMPTY_BODY = YES;
				CLANG_WARN_ENUM_CONVERSION = YES;
				CLANG_WARN_INT_CONVERSION = YES;
				CLANG_WARN_OBJC_ROOT_CLASS = YES_ERROR;
				CLANG_WARN__DUPLICATE_METHOD_MATCH = YES;
				"CODE_SIGN_IDENTITY[sdk=iphoneos*]" = "iPhone Developer";
				COPY_PHASE_STRIP = YES;
				ENABLE_NS_ASSERTIONS = NO;
				GCC_C_LANGUAGE_STANDARD = gnu99;
				GCC_WARN_64_TO_32_BIT_CONVERSION = YES;
				GCC_WARN_ABOUT_RETURN_TYPE = YES_ERROR;
				GCC_WARN_UNDECLARED_SELECTOR = YES;
				GCC_WARN_UNINITIALIZED_AUTOS = YES_AGGRESSIVE;
				GCC_WARN_UNUSED_FUNCTION = YES;
				GCC_WARN_UNUSED_VARIABLE = YES;
				IPHONEOS_DEPLOYMENT_TARGET = 7.1;
				SDKROOT = iphoneos;
				VALIDATE_PRODUCT = YES;
			};
			name = Release;
		};
		CF6D231F19CA4D7600F836C9 /* Debug */ = {
			isa = XCBuildConfiguration;
			buildSettings = {
				ASSETCATALOG_COMPILER_APPICON_NAME = AppIcon;
				ASSETCATALOG_COMPILER_LAUNCHIMAGE_NAME = LaunchImage;
				GCC_PRECOMPILE_PREFIX_HEADER = YES;
				GCC_PREFIX_HEADER = "Verificar Edad/Verificar Edad-Prefix.pch";
				INFOPLIST_FILE = "Verificar Edad/Verificar Edad-Info.plist";
				PRODUCT_NAME = "$(TARGET_NAME)";
				WRAPPER_EXTENSION = app;
			};
			name = Debug;
		};
		CF6D232019CA4D7600F836C9 /* Release */ = {
			isa = XCBuildConfiguration;
			buildSettings = {
				ASSETCATALOG_COMPILER_APPICON_NAME = AppIcon;
				ASSETCATALOG_COMPILER_LAUNCHIMAGE_NAME = LaunchImage;
				GCC_PRECOMPILE_PREFIX_HEADER = YES;
				GCC_PREFIX_HEADER = "Verificar Edad/Verificar Edad-Prefix.pch";
				INFOPLIST_FILE = "Verificar Edad/Verificar Edad-Info.plist";
				PRODUCT_NAME = "$(TARGET_NAME)";
				WRAPPER_EXTENSION = app;
			};
			name = Release;
		};
		CF6D232219CA4D7600F836C9 /* Debug */ = {
			isa = XCBuildConfiguration;
			buildSettings = {
				BUNDLE_LOADER = "$(BUILT_PRODUCTS_DIR)/Verificar Edad.app/Verificar Edad";
				FRAMEWORK_SEARCH_PATHS = (
					"$(SDKROOT)/Developer/Library/Frameworks",
					"$(inherited)",
					"$(DEVELOPER_FRAMEWORKS_DIR)",
				);
				GCC_PRECOMPILE_PREFIX_HEADER = YES;
				GCC_PREFIX_HEADER = "Verificar Edad/Verificar Edad-Prefix.pch";
				GCC_PREPROCESSOR_DEFINITIONS = (
					"DEBUG=1",
					"$(inherited)",
				);
				INFOPLIST_FILE = "Verificar EdadTests/Verificar EdadTests-Info.plist";
				PRODUCT_NAME = "$(TARGET_NAME)";
				TEST_HOST = "$(BUNDLE_LOADER)";
				WRAPPER_EXTENSION = xctest;
			};
			name = Debug;
		};
		CF6D232319CA4D7600F836C9 /* Release */ = {
			isa = XCBuildConfiguration;
			buildSettings = {
				BUNDLE_LOADER = "$(BUILT_PRODUCTS_DIR)/Verificar Edad.app/Verificar Edad";
				FRAMEWORK_SEARCH_PATHS = (
					"$(SDKROOT)/Developer/Library/Frameworks",
					"$(inherited)",
					"$(DEVELOPER_FRAMEWORKS_DIR)",
				);
				GCC_PRECOMPILE_PREFIX_HEADER = YES;
				GCC_PREFIX_HEADER = "Verificar Edad/Verificar Edad-Prefix.pch";
				INFOPLIST_FILE = "Verificar EdadTests/Verificar EdadTests-Info.plist";
				PRODUCT_NAME = "$(TARGET_NAME)";
				TEST_HOST = "$(BUNDLE_LOADER)";
				WRAPPER_EXTENSION = xctest;
			};
			name = Release;
		};
/* End XCBuildConfiguration section */

/* Begin XCConfigurationList section */
		CF6D22E719CA4D7600F836C9 /* Build configuration list for PBXProject "Verificar Edad" */ = {
			isa = XCConfigurationList;
			buildConfigurations = (
				CF6D231C19CA4D7600F836C9 /* Debug */,
				CF6D231D19CA4D7600F836C9 /* Release */,
			);
			defaultConfigurationIsVisible = 0;
			defaultConfigurationName = Release;
		};
		CF6D231E19CA4D7600F836C9 /* Build configuration list for PBXNativeTarget "Verificar Edad" */ = {
			isa = XCConfigurationList;
			buildConfigurations = (
				CF6D231F19CA4D7600F836C9 /* Debug */,
				CF6D232019CA4D7600F836C9 /* Release */,
			);
			defaultConfigurationIsVisible = 0;
		};
		CF6D232119CA4D7600F836C9 /* Build configuration list for PBXNativeTarget "Verificar EdadTests" */ = {
			isa = XCConfigurationList;
			buildConfigurations = (
				CF6D232219CA4D7600F836C9 /* Debug */,
				CF6D232319CA4D7600F836C9 /* Release */,
			);
			defaultConfigurationIsVisible = 0;
		};
/* End XCConfigurationList section */
	};
	rootObject = CF6D22E419CA4D7600F836C9 /* Project object */;
}
