// !$*UTF8*$!
{
	archiveVersion = 1;
	classes = {
	};
	objectVersion = 46;
	objects = {

/* Begin PBXBuildFile section */
		CF35D8F519D0D7B300DEF50A /* main.m in Sources */ = {isa = PBXBuildFile; fileRef = CF35D8F419D0D7B300DEF50A /* main.m */; };
		CF35D8F819D0D7B300DEF50A /* AppDelegate.m in Sources */ = {isa = PBXBuildFile; fileRef = CF35D8F719D0D7B300DEF50A /* AppDelegate.m */; };
		CF35D8FB19D0D7B300DEF50A /* ViewController.m in Sources */ = {isa = PBXBuildFile; fileRef = CF35D8FA19D0D7B300DEF50A /* ViewController.m */; };
		CF35D8FE19D0D7B300DEF50A /* Main.storyboard in Resources */ = {isa = PBXBuildFile; fileRef = CF35D8FC19D0D7B300DEF50A /* Main.storyboard */; };
		CF35D90019D0D7B300DEF50A /* Images.xcassets in Resources */ = {isa = PBXBuildFile; fileRef = CF35D8FF19D0D7B300DEF50A /* Images.xcassets */; };
		CF35D90319D0D7B300DEF50A /* LaunchScreen.xib in Resources */ = {isa = PBXBuildFile; fileRef = CF35D90119D0D7B300DEF50A /* LaunchScreen.xib */; };
		CF35D90F19D0D7B300DEF50A /* Mi_reproductorTests.m in Sources */ = {isa = PBXBuildFile; fileRef = CF35D90E19D0D7B300DEF50A /* Mi_reproductorTests.m */; };
		CF35D91C19D0D85200DEF50A /* BigBuckBunny.mp4 in Resources */ = {isa = PBXBuildFile; fileRef = CF35D91819D0D85200DEF50A /* BigBuckBunny.mp4 */; };
		CF35D91D19D0D85200DEF50A /* demo.mp3 in Resources */ = {isa = PBXBuildFile; fileRef = CF35D91919D0D85200DEF50A /* demo.mp3 */; };
		CF35D91E19D0D85200DEF50A /* imagen.jpg in Resources */ = {isa = PBXBuildFile; fileRef = CF35D91A19D0D85200DEF50A /* imagen.jpg */; };
		CF35D91F19D0D85200DEF50A /* NY NY USA.mp3 in Resources */ = {isa = PBXBuildFile; fileRef = CF35D91B19D0D85200DEF50A /* NY NY USA.mp3 */; };
		CF35D92119D0D90000DEF50A /* AVFoundation.framework in Frameworks */ = {isa = PBXBuildFile; fileRef = CF35D92019D0D90000DEF50A /* AVFoundation.framework */; };
/* End PBXBuildFile section */

/* Begin PBXContainerItemProxy section */
		CF35D90919D0D7B300DEF50A /* PBXContainerItemProxy */ = {
			isa = PBXContainerItemProxy;
			containerPortal = CF35D8E719D0D7B300DEF50A /* Project object */;
			proxyType = 1;
			remoteGlobalIDString = CF35D8EE19D0D7B300DEF50A;
			remoteInfo = "Mi reproductor";
		};
/* End PBXContainerItemProxy section */

/* Begin PBXFileReference section */
		CF35D8EF19D0D7B300DEF50A /* Mi reproductor.app */ = {isa = PBXFileReference; explicitFileType = wrapper.application; includeInIndex = 0; path = "Mi reproductor.app"; sourceTree = BUILT_PRODUCTS_DIR; };
		CF35D8F319D0D7B300DEF50A /* Info.plist */ = {isa = PBXFileReference; lastKnownFileType = text.plist.xml; path = Info.plist; sourceTree = "<group>"; };
		CF35D8F419D0D7B300DEF50A /* main.m */ = {isa = PBXFileReference; lastKnownFileType = sourcecode.c.objc; path = main.m; sourceTree = "<group>"; };
		CF35D8F619D0D7B300DEF50A /* AppDelegate.h */ = {isa = PBXFileReference; lastKnownFileType = sourcecode.c.h; path = AppDelegate.h; sourceTree = "<group>"; };
		CF35D8F719D0D7B300DEF50A /* AppDelegate.m */ = {isa = PBXFileReference; lastKnownFileType = sourcecode.c.objc; path = AppDelegate.m; sourceTree = "<group>"; };
		CF35D8F919D0D7B300DEF50A /* ViewController.h */ = {isa = PBXFileReference; lastKnownFileType = sourcecode.c.h; path = ViewController.h; sourceTree = "<group>"; };
		CF35D8FA19D0D7B300DEF50A /* ViewController.m */ = {isa = PBXFileReference; lastKnownFileType = sourcecode.c.objc; path = ViewController.m; sourceTree = "<group>"; };
		CF35D8FD19D0D7B300DEF50A /* Base */ = {isa = PBXFileReference; lastKnownFileType = file.storyboard; name = Base; path = Base.lproj/Main.storyboard; sourceTree = "<group>"; };
		CF35D8FF19D0D7B300DEF50A /* Images.xcassets */ = {isa = PBXFileReference; lastKnownFileType = folder.assetcatalog; path = Images.xcassets; sourceTree = "<group>"; };
		CF35D90219D0D7B300DEF50A /* Base */ = {isa = PBXFileReference; lastKnownFileType = file.xib; name = Base; path = Base.lproj/LaunchScreen.xib; sourceTree = "<group>"; };
		CF35D90819D0D7B300DEF50A /* Mi reproductorTests.xctest */ = {isa = PBXFileReference; explicitFileType = wrapper.cfbundle; includeInIndex = 0; path = "Mi reproductorTests.xctest"; sourceTree = BUILT_PRODUCTS_DIR; };
		CF35D90D19D0D7B300DEF50A /* Info.plist */ = {isa = PBXFileReference; lastKnownFileType = text.plist.xml; path = Info.plist; sourceTree = "<group>"; };
		CF35D90E19D0D7B300DEF50A /* Mi_reproductorTests.m */ = {isa = PBXFileReference; lastKnownFileType = sourcecode.c.objc; path = Mi_reproductorTests.m; sourceTree = "<group>"; };
		CF35D91819D0D85200DEF50A /* BigBuckBunny.mp4 */ = {isa = PBXFileReference; lastKnownFileType = file; name = BigBuckBunny.mp4; path = "../../Material Clase/BigBuckBunny.mp4"; sourceTree = "<group>"; };
		CF35D91919D0D85200DEF50A /* demo.mp3 */ = {isa = PBXFileReference; lastKnownFileType = audio.mp3; name = demo.mp3; path = "../../Material Clase/demo.mp3"; sourceTree = "<group>"; };
		CF35D91A19D0D85200DEF50A /* imagen.jpg */ = {isa = PBXFileReference; lastKnownFileType = image.jpeg; name = imagen.jpg; path = "../../Material Clase/imagen.jpg"; sourceTree = "<group>"; };
		CF35D91B19D0D85200DEF50A /* NY NY USA.mp3 */ = {isa = PBXFileReference; lastKnownFileType = audio.mp3; name = "NY NY USA.mp3"; path = "../../Material Clase/NY NY USA.mp3"; sourceTree = "<group>"; };
		CF35D92019D0D90000DEF50A /* AVFoundation.framework */ = {isa = PBXFileReference; lastKnownFileType = wrapper.framework; name = AVFoundation.framework; path = System/Library/Frameworks/AVFoundation.framework; sourceTree = SDKROOT; };
/* End PBXFileReference section */

/* Begin PBXFrameworksBuildPhase section */
		CF35D8EC19D0D7B300DEF50A /* Frameworks */ = {
			isa = PBXFrameworksBuildPhase;
			buildActionMask = 2147483647;
			files = (
				CF35D92119D0D90000DEF50A /* AVFoundation.framework in Frameworks */,
			);
			runOnlyForDeploymentPostprocessing = 0;
		};
		CF35D90519D0D7B300DEF50A /* Frameworks */ = {
			isa = PBXFrameworksBuildPhase;
			buildActionMask = 2147483647;
			files = (
			);
			runOnlyForDeploymentPostprocessing = 0;
		};
/* End PBXFrameworksBuildPhase section */

/* Begin PBXGroup section */
		CF35D8E619D0D7B300DEF50A = {
			isa = PBXGroup;
			children = (
				CF35D92019D0D90000DEF50A /* AVFoundation.framework */,
				CF35D91819D0D85200DEF50A /* BigBuckBunny.mp4 */,
				CF35D91919D0D85200DEF50A /* demo.mp3 */,
				CF35D91A19D0D85200DEF50A /* imagen.jpg */,
				CF35D91B19D0D85200DEF50A /* NY NY USA.mp3 */,
				CF35D8F119D0D7B300DEF50A /* Mi reproductor */,
				CF35D90B19D0D7B300DEF50A /* Mi reproductorTests */,
				CF35D8F019D0D7B300DEF50A /* Products */,
			);
			sourceTree = "<group>";
		};
		CF35D8F019D0D7B300DEF50A /* Products */ = {
			isa = PBXGroup;
			children = (
				CF35D8EF19D0D7B300DEF50A /* Mi reproductor.app */,
				CF35D90819D0D7B300DEF50A /* Mi reproductorTests.xctest */,
			);
			name = Products;
			sourceTree = "<group>";
		};
		CF35D8F119D0D7B300DEF50A /* Mi reproductor */ = {
			isa = PBXGroup;
			children = (
				CF35D8F619D0D7B300DEF50A /* AppDelegate.h */,
				CF35D8F719D0D7B300DEF50A /* AppDelegate.m */,
				CF35D8F919D0D7B300DEF50A /* ViewController.h */,
				CF35D8FA19D0D7B300DEF50A /* ViewController.m */,
				CF35D8FC19D0D7B300DEF50A /* Main.storyboard */,
				CF35D8FF19D0D7B300DEF50A /* Images.xcassets */,
				CF35D90119D0D7B300DEF50A /* LaunchScreen.xib */,
				CF35D8F219D0D7B300DEF50A /* Supporting Files */,
			);
			path = "Mi reproductor";
			sourceTree = "<group>";
		};
		CF35D8F219D0D7B300DEF50A /* Supporting Files */ = {
			isa = PBXGroup;
			children = (
				CF35D8F319D0D7B300DEF50A /* Info.plist */,
				CF35D8F419D0D7B300DEF50A /* main.m */,
			);
			name = "Supporting Files";
			sourceTree = "<group>";
		};
		CF35D90B19D0D7B300DEF50A /* Mi reproductorTests */ = {
			isa = PBXGroup;
			children = (
				CF35D90E19D0D7B300DEF50A /* Mi_reproductorTests.m */,
				CF35D90C19D0D7B300DEF50A /* Supporting Files */,
			);
			path = "Mi reproductorTests";
			sourceTree = "<group>";
		};
		CF35D90C19D0D7B300DEF50A /* Supporting Files */ = {
			isa = PBXGroup;
			children = (
				CF35D90D19D0D7B300DEF50A /* Info.plist */,
			);
			name = "Supporting Files";
			sourceTree = "<group>";
		};
/* End PBXGroup section */

/* Begin PBXNativeTarget section */
		CF35D8EE19D0D7B300DEF50A /* Mi reproductor */ = {
			isa = PBXNativeTarget;
			buildConfigurationList = CF35D91219D0D7B300DEF50A /* Build configuration list for PBXNativeTarget "Mi reproductor" */;
			buildPhases = (
				CF35D8EB19D0D7B300DEF50A /* Sources */,
				CF35D8EC19D0D7B300DEF50A /* Frameworks */,
				CF35D8ED19D0D7B300DEF50A /* Resources */,
			);
			buildRules = (
			);
			dependencies = (
			);
			name = "Mi reproductor";
			productName = "Mi reproductor";
			productReference = CF35D8EF19D0D7B300DEF50A /* Mi reproductor.app */;
			productType = "com.apple.product-type.application";
		};
		CF35D90719D0D7B300DEF50A /* Mi reproductorTests */ = {
			isa = PBXNativeTarget;
			buildConfigurationList = CF35D91519D0D7B300DEF50A /* Build configuration list for PBXNativeTarget "Mi reproductorTests" */;
			buildPhases = (
				CF35D90419D0D7B300DEF50A /* Sources */,
				CF35D90519D0D7B300DEF50A /* Frameworks */,
				CF35D90619D0D7B300DEF50A /* Resources */,
			);
			buildRules = (
			);
			dependencies = (
				CF35D90A19D0D7B300DEF50A /* PBXTargetDependency */,
			);
			name = "Mi reproductorTests";
			productName = "Mi reproductorTests";
			productReference = CF35D90819D0D7B300DEF50A /* Mi reproductorTests.xctest */;
			productType = "com.apple.product-type.bundle.unit-test";
		};
/* End PBXNativeTarget section */

/* Begin PBXProject section */
		CF35D8E719D0D7B300DEF50A /* Project object */ = {
			isa = PBXProject;
			attributes = {
				LastUpgradeCheck = 0600;
				ORGANIZATIONNAME = "Jhon Wilfer Orrego";
				TargetAttributes = {
					CF35D8EE19D0D7B300DEF50A = {
						CreatedOnToolsVersion = 6.0.1;
					};
					CF35D90719D0D7B300DEF50A = {
						CreatedOnToolsVersion = 6.0.1;
						TestTargetID = CF35D8EE19D0D7B300DEF50A;
					};
				};
			};
			buildConfigurationList = CF35D8EA19D0D7B300DEF50A /* Build configuration list for PBXProject "Mi reproductor" */;
			compatibilityVersion = "Xcode 3.2";
			developmentRegion = English;
			hasScannedForEncodings = 0;
			knownRegions = (
				en,
				Base,
			);
			mainGroup = CF35D8E619D0D7B300DEF50A;
			productRefGroup = CF35D8F019D0D7B300DEF50A /* Products */;
			projectDirPath = "";
			projectRoot = "";
			targets = (
				CF35D8EE19D0D7B300DEF50A /* Mi reproductor */,
				CF35D90719D0D7B300DEF50A /* Mi reproductorTests */,
			);
		};
/* End PBXProject section */

/* Begin PBXResourcesBuildPhase section */
		CF35D8ED19D0D7B300DEF50A /* Resources */ = {
			isa = PBXResourcesBuildPhase;
			buildActionMask = 2147483647;
			files = (
				CF35D8FE19D0D7B300DEF50A /* Main.storyboard in Resources */,
				CF35D91F19D0D85200DEF50A /* NY NY USA.mp3 in Resources */,
				CF35D91D19D0D85200DEF50A /* demo.mp3 in Resources */,
				CF35D90319D0D7B300DEF50A /* LaunchScreen.xib in Resources */,
				CF35D91C19D0D85200DEF50A /* BigBuckBunny.mp4 in Resources */,
				CF35D91E19D0D85200DEF50A /* imagen.jpg in Resources */,
				CF35D90019D0D7B300DEF50A /* Images.xcassets in Resources */,
			);
			runOnlyForDeploymentPostprocessing = 0;
		};
		CF35D90619D0D7B300DEF50A /* Resources */ = {
			isa = PBXResourcesBuildPhase;
			buildActionMask = 2147483647;
			files = (
			);
			runOnlyForDeploymentPostprocessing = 0;
		};
/* End PBXResourcesBuildPhase section */

/* Begin PBXSourcesBuildPhase section */
		CF35D8EB19D0D7B300DEF50A /* Sources */ = {
			isa = PBXSourcesBuildPhase;
			buildActionMask = 2147483647;
			files = (
				CF35D8FB19D0D7B300DEF50A /* ViewController.m in Sources */,
				CF35D8F819D0D7B300DEF50A /* AppDelegate.m in Sources */,
				CF35D8F519D0D7B300DEF50A /* main.m in Sources */,
			);
			runOnlyForDeploymentPostprocessing = 0;
		};
		CF35D90419D0D7B300DEF50A /* Sources */ = {
			isa = PBXSourcesBuildPhase;
			buildActionMask = 2147483647;
			files = (
				CF35D90F19D0D7B300DEF50A /* Mi_reproductorTests.m in Sources */,
			);
			runOnlyForDeploymentPostprocessing = 0;
		};
/* End PBXSourcesBuildPhase section */

/* Begin PBXTargetDependency section */
		CF35D90A19D0D7B300DEF50A /* PBXTargetDependency */ = {
			isa = PBXTargetDependency;
			target = CF35D8EE19D0D7B300DEF50A /* Mi reproductor */;
			targetProxy = CF35D90919D0D7B300DEF50A /* PBXContainerItemProxy */;
		};
/* End PBXTargetDependency section */

/* Begin PBXVariantGroup section */
		CF35D8FC19D0D7B300DEF50A /* Main.storyboard */ = {
			isa = PBXVariantGroup;
			children = (
				CF35D8FD19D0D7B300DEF50A /* Base */,
			);
			name = Main.storyboard;
			sourceTree = "<group>";
		};
		CF35D90119D0D7B300DEF50A /* LaunchScreen.xib */ = {
			isa = PBXVariantGroup;
			children = (
				CF35D90219D0D7B300DEF50A /* Base */,
			);
			name = LaunchScreen.xib;
			sourceTree = "<group>";
		};
/* End PBXVariantGroup section */

/* Begin XCBuildConfiguration section */
		CF35D91019D0D7B300DEF50A /* Debug */ = {
			isa = XCBuildConfiguration;
			buildSettings = {
				ALWAYS_SEARCH_USER_PATHS = NO;
				CLANG_CXX_LANGUAGE_STANDARD = "gnu++0x";
				CLANG_CXX_LIBRARY = "libc++";
				CLANG_ENABLE_MODULES = YES;
				CLANG_ENABLE_OBJC_ARC = YES;
				CLANG_WARN_BOOL_CONVERSION = YES;
				CLANG_WARN_CONSTANT_CONVERSION = YES;
				CLANG_WARN_DIRECT_OBJC_ISA_USAGE = YES_ERROR;
				CLANG_WARN_EMPTY_BODY = YES;
				CLANG_WARN_ENUM_CONVERSION = YES;
				CLANG_WARN_INT_CONVERSION = YES;
				CLANG_WARN_OBJC_ROOT_CLASS = YES_ERROR;
				CLANG_WARN_UNREACHABLE_CODE = YES;
				CLANG_WARN__DUPLICATE_METHOD_MATCH = YES;
				"CODE_SIGN_IDENTITY[sdk=iphoneos*]" = "iPhone Developer";
				COPY_PHASE_STRIP = NO;
				ENABLE_STRICT_OBJC_MSGSEND = YES;
				GCC_C_LANGUAGE_STANDARD = gnu99;
				GCC_DYNAMIC_NO_PIC = NO;
				GCC_OPTIMIZATION_LEVEL = 0;
				GCC_PREPROCESSOR_DEFINITIONS = (
					"DEBUG=1",
					"$(inherited)",
				);
				GCC_SYMBOLS_PRIVATE_EXTERN = NO;
				GCC_WARN_64_TO_32_BIT_CONVERSION = YES;
				GCC_WARN_ABOUT_RETURN_TYPE = YES_ERROR;
				GCC_WARN_UNDECLARED_SELECTOR = YES;
				GCC_WARN_UNINITIALIZED_AUTOS = YES_AGGRESSIVE;
				GCC_WARN_UNUSED_FUNCTION = YES;
				GCC_WARN_UNUSED_VARIABLE = YES;
				IPHONEOS_DEPLOYMENT_TARGET = 8.0;
				MTL_ENABLE_DEBUG_INFO = YES;
				ONLY_ACTIVE_ARCH = YES;
				SDKROOT = iphoneos;
			};
			name = Debug;
		};
		CF35D91119D0D7B300DEF50A /* Release */ = {
			isa = XCBuildConfiguration;
			buildSettings = {
				ALWAYS_SEARCH_USER_PATHS = NO;
				CLANG_CXX_LANGUAGE_STANDARD = "gnu++0x";
				CLANG_CXX_LIBRARY = "libc++";
				CLANG_ENABLE_MODULES = YES;
				CLANG_ENABLE_OBJC_ARC = YES;
				CLANG_WARN_BOOL_CONVERSION = YES;
				CLANG_WARN_CONSTANT_CONVERSION = YES;
				CLANG_WARN_DIRECT_OBJC_ISA_USAGE = YES_ERROR;
				CLANG_WARN_EMPTY_BODY = YES;
				CLANG_WARN_ENUM_CONVERSION = YES;
				CLANG_WARN_INT_CONVERSION = YES;
				CLANG_WARN_OBJC_ROOT_CLASS = YES_ERROR;
				CLANG_WARN_UNREACHABLE_CODE = YES;
				CLANG_WARN__DUPLICATE_METHOD_MATCH = YES;
				"CODE_SIGN_IDENTITY[sdk=iphoneos*]" = "iPhone Developer";
				COPY_PHASE_STRIP = YES;
				ENABLE_NS_ASSERTIONS = NO;
				ENABLE_STRICT_OBJC_MSGSEND = YES;
				GCC_C_LANGUAGE_STANDARD = gnu99;
				GCC_WARN_64_TO_32_BIT_CONVERSION = YES;
				GCC_WARN_ABOUT_RETURN_TYPE = YES_ERROR;
				GCC_WARN_UNDECLARED_SELECTOR = YES;
				GCC_WARN_UNINITIALIZED_AUTOS = YES_AGGRESSIVE;
				GCC_WARN_UNUSED_FUNCTION = YES;
				GCC_WARN_UNUSED_VARIABLE = YES;
				IPHONEOS_DEPLOYMENT_TARGET = 8.0;
				MTL_ENABLE_DEBUG_INFO = NO;
				SDKROOT = iphoneos;
				VALIDATE_PRODUCT = YES;
			};
			name = Release;
		};
		CF35D91319D0D7B300DEF50A /* Debug */ = {
			isa = XCBuildConfiguration;
			buildSettings = {
				ASSETCATALOG_COMPILER_APPICON_NAME = AppIcon;
				INFOPLIST_FILE = "Mi reproductor/Info.plist";
				LD_RUNPATH_SEARCH_PATHS = "$(inherited) @executable_path/Frameworks";
				PRODUCT_NAME = "$(TARGET_NAME)";
			};
			name = Debug;
		};
		CF35D91419D0D7B300DEF50A /* Release */ = {
			isa = XCBuildConfiguration;
			buildSettings = {
				ASSETCATALOG_COMPILER_APPICON_NAME = AppIcon;
				INFOPLIST_FILE = "Mi reproductor/Info.plist";
				LD_RUNPATH_SEARCH_PATHS = "$(inherited) @executable_path/Frameworks";
				PRODUCT_NAME = "$(TARGET_NAME)";
			};
			name = Release;
		};
		CF35D91619D0D7B300DEF50A /* Debug */ = {
			isa = XCBuildConfiguration;
			buildSettings = {
				BUNDLE_LOADER = "$(TEST_HOST)";
				FRAMEWORK_SEARCH_PATHS = (
					"$(SDKROOT)/Developer/Library/Frameworks",
					"$(inherited)",
				);
				GCC_PREPROCESSOR_DEFINITIONS = (
					"DEBUG=1",
					"$(inherited)",
				);
				INFOPLIST_FILE = "Mi reproductorTests/Info.plist";
				LD_RUNPATH_SEARCH_PATHS = "$(inherited) @executable_path/Frameworks @loader_path/Frameworks";
				PRODUCT_NAME = "$(TARGET_NAME)";
				TEST_HOST = "$(BUILT_PRODUCTS_DIR)/Mi reproductor.app/Mi reproductor";
			};
			name = Debug;
		};
		CF35D91719D0D7B300DEF50A /* Release */ = {
			isa = XCBuildConfiguration;
			buildSettings = {
				BUNDLE_LOADER = "$(TEST_HOST)";
				FRAMEWORK_SEARCH_PATHS = (
					"$(SDKROOT)/Developer/Library/Frameworks",
					"$(inherited)",
				);
				INFOPLIST_FILE = "Mi reproductorTests/Info.plist";
				LD_RUNPATH_SEARCH_PATHS = "$(inherited) @executable_path/Frameworks @loader_path/Frameworks";
				PRODUCT_NAME = "$(TARGET_NAME)";
				TEST_HOST = "$(BUILT_PRODUCTS_DIR)/Mi reproductor.app/Mi reproductor";
			};
			name = Release;
		};
/* End XCBuildConfiguration section */

/* Begin XCConfigurationList section */
		CF35D8EA19D0D7B300DEF50A /* Build configuration list for PBXProject "Mi reproductor" */ = {
			isa = XCConfigurationList;
			buildConfigurations = (
				CF35D91019D0D7B300DEF50A /* Debug */,
				CF35D91119D0D7B300DEF50A /* Release */,
			);
			defaultConfigurationIsVisible = 0;
			defaultConfigurationName = Release;
		};
		CF35D91219D0D7B300DEF50A /* Build configuration list for PBXNativeTarget "Mi reproductor" */ = {
			isa = XCConfigurationList;
			buildConfigurations = (
				CF35D91319D0D7B300DEF50A /* Debug */,
				CF35D91419D0D7B300DEF50A /* Release */,
			);
			defaultConfigurationIsVisible = 0;
		};
		CF35D91519D0D7B300DEF50A /* Build configuration list for PBXNativeTarget "Mi reproductorTests" */ = {
			isa = XCConfigurationList;
			buildConfigurations = (
				CF35D91619D0D7B300DEF50A /* Debug */,
				CF35D91719D0D7B300DEF50A /* Release */,
			);
			defaultConfigurationIsVisible = 0;
		};
/* End XCConfigurationList section */
	};
	rootObject = CF35D8E719D0D7B300DEF50A /* Project object */;
}
